
Microsoft Visual Studio Solution File, Format Version 12.00
# Visual Studio Version 17
VisualStudioVersion = 17.1.32328.378
MinimumVisualStudioVersion = 10.0.40219.1
Project("{FAE04EC0-301F-11D3-BF4B-00C04F79EFBC}") = "BookMe", "BookMe\BookMe.csproj", "{597EAB04-104A-4FEB-9D10-796CCF866DFF}"
EndProject
Global
	GlobalSection(SolutionConfigurationPlatforms) = preSolution
		Debug|Any CPU = Debug|Any CPU
		Release|Any CPU = Release|Any CPU
	EndGlobalSection
	GlobalSection(ProjectConfigurationPlatforms) = postSolution
		{597EAB04-104A-4FEB-9D10-796CCF866DFF}.Debug|Any CPU.ActiveCfg = Debug|Any CPU
		{597EAB04-104A-4FEB-9D10-796CCF866DFF}.Debug|Any CPU.Build.0 = Debug|Any CPU
		{597EAB04-104A-4FEB-9D10-796CCF866DFF}.Release|Any CPU.ActiveCfg = Release|Any CPU
		{597EAB04-104A-4FEB-9D10-796CCF866DFF}.Release|Any CPU.Build.0 = Release|Any CPU
	EndGlobalSection
	GlobalSection(SolutionProperties) = preSolution
		HideSolutionNode = FALSE
	EndGlobalSection
	GlobalSection(ExtensibilityGlobals) = postSolution
		SolutionGuid = {669CBCDD-647A-4CC1-9C80-5481ADD9D2A5}
	EndGlobalSection
EndGlobal
